{
  "version": 4,
  "terraform_version": "0.15.0",
  "serial": 293,
  "lineage": "d3b88879-50c3-586a-621d-159b31546ef1",
  "outputs": {},
  "resources": [
    {
      "mode": "managed",
      "type": "aws_autoscaling_group",
      "name": "asg",
      "provider": "provider[\"registry.terraform.io/hashicorp/aws\"]",
      "instances": [
        {
          "schema_version": 0,
          "attributes": {
            "arn": "arn:aws:autoscaling:us-east-1:473761847920:autoScalingGroup:2bcd9c5d-549e-4c61-b9f1-53f3b7452318:autoScalingGroupName/asg-tf",
            "availability_zones": [
              "us-east-1a",
              "us-east-1b"
            ],
            "capacity_rebalance": true,
            "default_cooldown": 300,
            "desired_capacity": 3,
            "enabled_metrics": [],
            "force_delete": false,
            "force_delete_warm_pool": false,
            "health_check_grace_period": 300,
            "health_check_type": "EC2",
            "id": "asg-tf",
            "initial_lifecycle_hook": [],
            "instance_refresh": [],
            "launch_configuration": "LC1",
            "launch_template": [],
            "load_balancers": [
              "clasicelb"
            ],
            "max_instance_lifetime": 0,
            "max_size": 5,
            "metrics_granularity": "1Minute",
            "min_elb_capacity": null,
            "min_size": 1,
            "mixed_instances_policy": [],
            "name": "asg-tf",
            "name_prefix": "",
            "placement_group": "",
            "protect_from_scale_in": false,
            "service_linked_role_arn": "arn:aws:iam::473761847920:role/aws-service-role/autoscaling.amazonaws.com/AWSServiceRoleForAutoScaling",
            "suspended_processes": [],
            "tag": [
              {
                "key": "Key",
                "propagate_at_launch": true,
                "value": "Value"
              }
            ],
            "tags": null,
            "target_group_arns": [],
            "termination_policies": [],
            "timeouts": null,
            "vpc_zone_identifier": [
              "subnet-0b939c6ff9d3dd2f3",
              "subnet-0edb4576c295b8e20"
            ],
            "wait_for_capacity_timeout": "10m",
            "wait_for_elb_capacity": null,
            "warm_pool": []
          },
          "sensitive_attributes": [],
          "private": "eyJlMmJmYjczMC1lY2FhLTExZTYtOGY4OC0zNDM2M2JjN2M0YzAiOnsiZGVsZXRlIjo2MDAwMDAwMDAwMDB9fQ==",
          "dependencies": [
            "aws_vpc.vpc-o1",
            "aws_elb.clselb",
            "aws_security_group.sgteelb",
            "aws_subnet.s2",
            "aws_subnet.s3",
            "aws_subnet.s4",
            "aws_key_pair.pubkeya",
            "aws_launch_configuration.LC1",
            "aws_security_group.sgforlc1",
            "aws_subnet.s1"
          ]
        }
      ]
    },
    {
      "mode": "managed",
      "type": "aws_autoscaling_notification",
      "name": "example_notifications",
      "provider": "provider[\"registry.terraform.io/hashicorp/aws\"]",
      "instances": [
        {
          "schema_version": 0,
          "attributes": {
            "group_names": [
              "asg-tf"
            ],
            "id": "arn:aws:sns:us-east-1:473761847920:topic1",
            "notifications": [
              "autoscaling:EC2_INSTANCE_LAUNCH",
              "autoscaling:EC2_INSTANCE_LAUNCH_ERROR",
              "autoscaling:EC2_INSTANCE_TERMINATE",
              "autoscaling:EC2_INSTANCE_TERMINATE_ERROR"
            ],
            "topic_arn": "arn:aws:sns:us-east-1:473761847920:topic1"
          },
          "sensitive_attributes": [],
          "private": "bnVsbA==",
          "dependencies": [
            "aws_autoscaling_group.asg",
            "aws_security_group.sgforlc1",
            "aws_security_group.sgteelb",
            "aws_subnet.s4",
            "aws_elb.clselb",
            "aws_key_pair.pubkeya",
            "aws_launch_configuration.LC1",
            "aws_sns_topic.topic1",
            "aws_subnet.s1",
            "aws_subnet.s2",
            "aws_subnet.s3",
            "aws_vpc.vpc-o1"
          ]
        }
      ]
    },
    {
      "mode": "managed",
      "type": "aws_eip",
      "name": "eip",
      "provider": "provider[\"registry.terraform.io/hashicorp/aws\"]",
      "instances": [
        {
          "schema_version": 0,
          "attributes": {
            "address": null,
            "allocation_id": "eipalloc-0b43c3e609ba2aed1",
            "associate_with_private_ip": null,
            "association_id": "eipassoc-022eb07efa15228ff",
            "carrier_ip": "",
            "customer_owned_ip": "",
            "customer_owned_ipv4_pool": "",
            "domain": "vpc",
            "id": "eipalloc-0b43c3e609ba2aed1",
            "instance": "",
            "network_border_group": "us-east-1",
            "network_interface": "eni-0f4900c73e87a2268",
            "private_dns": "ip-10-0-0-33.ec2.internal",
            "private_ip": "10.0.0.33",
            "public_dns": "ec2-52-201-23-177.compute-1.amazonaws.com",
            "public_ip": "52.201.23.177",
            "public_ipv4_pool": "amazon",
            "tags": {
              "Name": "eip"
            },
            "tags_all": {
              "Name": "eip"
            },
            "timeouts": null,
            "vpc": true
          },
          "sensitive_attributes": [],
          "private": "eyJlMmJmYjczMC1lY2FhLTExZTYtOGY4OC0zNDM2M2JjN2M0YzAiOnsiZGVsZXRlIjoxODAwMDAwMDAwMDAsInJlYWQiOjkwMDAwMDAwMDAwMCwidXBkYXRlIjozMDAwMDAwMDAwMDB9fQ=="
        }
      ]
    },
    {
      "mode": "managed",
      "type": "aws_elb",
      "name": "clselb",
      "provider": "provider[\"registry.terraform.io/hashicorp/aws\"]",
      "instances": [
        {
          "schema_version": 0,
          "attributes": {
            "access_logs": [],
            "arn": "arn:aws:elasticloadbalancing:us-east-1:473761847920:loadbalancer/clasicelb",
            "availability_zones": [
              "us-east-1a",
              "us-east-1b"
            ],
            "connection_draining": false,
            "connection_draining_timeout": 300,
            "cross_zone_load_balancing": true,
            "dns_name": "clasicelb-628541482.us-east-1.elb.amazonaws.com",
            "health_check": [
              {
                "healthy_threshold": 3,
                "interval": 6,
                "target": "HTTP:80/index.html",
                "timeout": 5,
                "unhealthy_threshold": 3
              }
            ],
            "id": "clasicelb",
            "idle_timeout": 60,
            "instances": [
              "i-00fd8b69b4b50f41e",
              "i-0811831f097af9f47",
              "i-0ae128085622c515f"
            ],
            "internal": false,
            "listener": [
              {
                "instance_port": 80,
                "instance_protocol": "http",
                "lb_port": 80,
                "lb_protocol": "http",
                "ssl_certificate_id": ""
              }
            ],
            "name": "clasicelb",
            "name_prefix": null,
            "security_groups": [
              "sg-084dcad16272c32d3"
            ],
            "source_security_group": "473761847920/sgteelb",
            "source_security_group_id": "sg-084dcad16272c32d3",
            "subnets": [
              "subnet-0c796e040d2979933",
              "subnet-0eeaaebee1d22de63"
            ],
            "tags": {},
            "tags_all": {},
            "zone_id": "Z35SXDOTRQ7X7K"
          },
          "sensitive_attributes": [],
          "private": "bnVsbA==",
          "dependencies": [
            "aws_security_group.sgteelb",
            "aws_subnet.s1",
            "aws_subnet.s2",
            "aws_vpc.vpc-o1"
          ]
        }
      ]
    },
    {
      "mode": "managed",
      "type": "aws_internet_gateway",
      "name": "igw-te",
      "provider": "provider[\"registry.terraform.io/hashicorp/aws\"]",
      "instances": [
        {
          "schema_version": 0,
          "attributes": {
            "arn": "arn:aws:ec2:us-east-1:473761847920:internet-gateway/igw-027842b697dc844bd",
            "id": "igw-027842b697dc844bd",
            "owner_id": "473761847920",
            "tags": {
              "Name": "igw-te"
            },
            "tags_all": {
              "Name": "igw-te"
            },
            "vpc_id": "vpc-0e062cf1ee3ae5789"
          },
          "sensitive_attributes": [],
          "private": "bnVsbA==",
          "dependencies": [
            "aws_vpc.vpc-o1"
          ]
        }
      ]
    },
    {
      "mode": "managed",
      "type": "aws_key_pair",
      "name": "pubkeya",
      "provider": "provider[\"registry.terraform.io/hashicorp/aws\"]",
      "instances": [
        {
          "schema_version": 1,
          "attributes": {
            "arn": "arn:aws:ec2:us-east-1:473761847920:key-pair/key2",
            "fingerprint": "00:ba:de:00:7f:6b:77:d5:01:e5:53:fd:f1:53:d5:ee",
            "id": "key2",
            "key_name": "key2",
            "key_name_prefix": "",
            "key_pair_id": "key-08a1a555f14770415",
            "public_key": "ssh-rsa AAAAB3NzaC1yc2EAAAADAQABAAABgQC41Tuxeoo/QI3sJwz+3LtNmxmiVkyZcvnmOH4sk+irL/IzSn7fLgVLrdogo7sOPs9eye5CyMUvrLQAmZJv0mOmdAjGndbVEjo+g+OtUfRJ9TA8xdHncGpvFqBGr17twxVFEG5JG6uLs1UNwDiaN4VC+KQwYNRaNl+1oAyGFtQ2uFneUh6v0FRpp6oG4Iof93pIBDL6MISXlUI2m+jx6xi5IixBZK2rmUbhdNCHpxHqkhYGfQKlw/6FcbqDrUS9CHLwlYwasvQv+2dYuUA02xRTziE2dvDLJCQrULbFIx4/mTI04wNhQWvgavT4UlhlArJjeKZlfqgxb49N/6K6WMwCXhUS05ypQEZoXil7M64QeZoF0B3R7za24kIoLIhxdtHueMcQeqIiBB8fgcSAy9pRsCdXpQYWYnIvctrQOJddM0lEKEAfC+FmTEUK6tPQ3+G7ZUDCIrni2LmRK6D03QruKwA/1Qdl3GbAuL24z6VkoMD12l9eKF+XfQQ5+a5PgBc= HP@DESKTOP-H5PAL0T",
            "tags": {
              "Name": "key2"
            },
            "tags_all": {
              "Name": "key2"
            }
          },
          "sensitive_attributes": [],
          "private": "eyJzY2hlbWFfdmVyc2lvbiI6IjEifQ=="
        }
      ]
    },
    {
      "mode": "managed",
      "type": "aws_launch_configuration",
      "name": "LC1",
      "provider": "provider[\"registry.terraform.io/hashicorp/aws\"]",
      "instances": [
        {
          "schema_version": 0,
          "attributes": {
            "arn": "arn:aws:autoscaling:us-east-1:473761847920:launchConfiguration:14c37061-5618-4821-a931-a9f1c75d676d:launchConfigurationName/LC1",
            "associate_public_ip_address": false,
            "ebs_block_device": [],
            "ebs_optimized": false,
            "enable_monitoring": true,
            "ephemeral_block_device": [],
            "iam_instance_profile": "",
            "id": "LC1",
            "image_id": "ami-0279c3b3186e54acd",
            "instance_type": "t2.micro",
            "key_name": "key2",
            "metadata_options": [],
            "name": "LC1",
            "name_prefix": "",
            "placement_tenancy": null,
            "root_block_device": [],
            "security_groups": [
              "sg-0db98d04b9d543ca4"
            ],
            "spot_price": "",
            "user_data": null,
            "user_data_base64": null,
            "vpc_classic_link_id": "",
            "vpc_classic_link_security_groups": []
          },
          "sensitive_attributes": [],
          "private": "bnVsbA==",
          "dependencies": [
            "aws_key_pair.pubkeya",
            "aws_security_group.sgforlc1",
            "aws_vpc.vpc-o1"
          ]
        }
      ]
    },
    {
      "mode": "managed",
      "type": "aws_nat_gateway",
      "name": "nat",
      "provider": "provider[\"registry.terraform.io/hashicorp/aws\"]",
      "instances": [
        {
          "schema_version": 0,
          "attributes": {
            "allocation_id": "eipalloc-0b43c3e609ba2aed1",
            "connectivity_type": "public",
            "id": "nat-0c621ca481e68b79b",
            "network_interface_id": "eni-0f4900c73e87a2268",
            "private_ip": "10.0.0.33",
            "public_ip": "52.201.23.177",
            "subnet_id": "subnet-0eeaaebee1d22de63",
            "tags": {
              "Name": "nat"
            },
            "tags_all": {
              "Name": "nat"
            }
          },
          "sensitive_attributes": [],
          "private": "bnVsbA==",
          "dependencies": [
            "aws_eip.eip",
            "aws_subnet.s1",
            "aws_vpc.vpc-o1"
          ]
        }
      ]
    },
    {
      "mode": "managed",
      "type": "aws_route53_record",
      "name": "record1",
      "provider": "provider[\"registry.terraform.io/hashicorp/aws\"]",
      "instances": [
        {
          "schema_version": 2,
          "attributes": {
            "alias": [
              {
                "evaluate_target_health": true,
                "name": "clasicelb-628541482.us-east-1.elb.amazonaws.com",
                "zone_id": "Z35SXDOTRQ7X7K"
              }
            ],
            "allow_overwrite": null,
            "failover_routing_policy": [],
            "fqdn": "sumanth.com",
            "geolocation_routing_policy": [],
            "health_check_id": "",
            "id": "Z06416633VJPMUYBGVEPG_sumanth.com_A",
            "latency_routing_policy": [],
            "multivalue_answer_routing_policy": null,
            "name": "sumanth.com",
            "records": [],
            "set_identifier": "",
            "ttl": 0,
            "type": "A",
            "weighted_routing_policy": [],
            "zone_id": "Z06416633VJPMUYBGVEPG"
          },
          "sensitive_attributes": [],
          "private": "eyJzY2hlbWFfdmVyc2lvbiI6IjIifQ==",
          "dependencies": [
            "aws_elb.clselb",
            "aws_route53_zone.zone1",
            "aws_security_group.sgteelb",
            "aws_subnet.s1",
            "aws_subnet.s2",
            "aws_vpc.vpc-o1"
          ]
        }
      ]
    },
    {
      "mode": "managed",
      "type": "aws_route53_zone",
      "name": "zone1",
      "provider": "provider[\"registry.terraform.io/hashicorp/aws\"]",
      "instances": [
        {
          "schema_version": 0,
          "attributes": {
            "arn": "arn:aws:route53:::hostedzone/Z06416633VJPMUYBGVEPG",
            "comment": "Managed by Terraform",
            "delegation_set_id": "",
            "force_destroy": false,
            "id": "Z06416633VJPMUYBGVEPG",
            "name": "sumanth.com",
            "name_servers": [
              "ns-0.awsdns-00.com.",
              "ns-1024.awsdns-00.org.",
              "ns-1536.awsdns-00.co.uk.",
              "ns-512.awsdns-00.net."
            ],
            "tags": {
              "Name": "hs1"
            },
            "tags_all": {
              "Name": "hs1"
            },
            "vpc": [
              {
                "vpc_id": "vpc-0e062cf1ee3ae5789",
                "vpc_region": "us-east-1"
              }
            ],
            "zone_id": "Z06416633VJPMUYBGVEPG"
          },
          "sensitive_attributes": [],
          "private": "bnVsbA==",
          "dependencies": [
            "aws_vpc.vpc-o1"
          ]
        }
      ]
    },
    {
      "mode": "managed",
      "type": "aws_route_table",
      "name": "rt1_public",
      "provider": "provider[\"registry.terraform.io/hashicorp/aws\"]",
      "instances": [
        {
          "schema_version": 0,
          "attributes": {
            "arn": "arn:aws:ec2:us-east-1:473761847920:route-table/rtb-0898c3a247c6237ac",
            "id": "rtb-0898c3a247c6237ac",
            "owner_id": "473761847920",
            "propagating_vgws": [],
            "route": [
              {
                "carrier_gateway_id": "",
                "cidr_block": "0.0.0.0/0",
                "destination_prefix_list_id": "",
                "egress_only_gateway_id": "",
                "gateway_id": "igw-027842b697dc844bd",
                "instance_id": "",
                "ipv6_cidr_block": "",
                "local_gateway_id": "",
                "nat_gateway_id": "",
                "network_interface_id": "",
                "transit_gateway_id": "",
                "vpc_endpoint_id": "",
                "vpc_peering_connection_id": ""
              }
            ],
            "tags": {
              "Name": "rt1(public)-te"
            },
            "tags_all": {
              "Name": "rt1(public)-te"
            },
            "timeouts": null,
            "vpc_id": "vpc-0e062cf1ee3ae5789"
          },
          "sensitive_attributes": [],
          "private": "eyJlMmJmYjczMC1lY2FhLTExZTYtOGY4OC0zNDM2M2JjN2M0YzAiOnsiY3JlYXRlIjoxMjAwMDAwMDAwMDAsImRlbGV0ZSI6MzAwMDAwMDAwMDAwLCJ1cGRhdGUiOjEyMDAwMDAwMDAwMH19",
          "dependencies": [
            "aws_vpc.vpc-o1",
            "aws_internet_gateway.igw-te"
          ]
        }
      ]
    },
    {
      "mode": "managed",
      "type": "aws_route_table",
      "name": "rt2_private",
      "provider": "provider[\"registry.terraform.io/hashicorp/aws\"]",
      "instances": [
        {
          "schema_version": 0,
          "attributes": {
            "arn": "arn:aws:ec2:us-east-1:473761847920:route-table/rtb-0346fe76dab92f5c9",
            "id": "rtb-0346fe76dab92f5c9",
            "owner_id": "473761847920",
            "propagating_vgws": [],
            "route": [
              {
                "carrier_gateway_id": "",
                "cidr_block": "0.0.0.0/0",
                "destination_prefix_list_id": "",
                "egress_only_gateway_id": "",
                "gateway_id": "nat-0c621ca481e68b79b",
                "instance_id": "",
                "ipv6_cidr_block": "",
                "local_gateway_id": "",
                "nat_gateway_id": "",
                "network_interface_id": "",
                "transit_gateway_id": "",
                "vpc_endpoint_id": "",
                "vpc_peering_connection_id": ""
              }
            ],
            "tags": {
              "Name": "rt2(private)-te"
            },
            "tags_all": {
              "Name": "rt2(private)-te"
            },
            "timeouts": null,
            "vpc_id": "vpc-0e062cf1ee3ae5789"
          },
          "sensitive_attributes": [],
          "private": "eyJlMmJmYjczMC1lY2FhLTExZTYtOGY4OC0zNDM2M2JjN2M0YzAiOnsiY3JlYXRlIjoxMjAwMDAwMDAwMDAsImRlbGV0ZSI6MzAwMDAwMDAwMDAwLCJ1cGRhdGUiOjEyMDAwMDAwMDAwMH19",
          "dependencies": [
            "aws_nat_gateway.nat",
            "aws_vpc.vpc-o1"
          ]
        }
      ]
    },
    {
      "mode": "managed",
      "type": "aws_route_table_association",
      "name": "ass1-s1",
      "provider": "provider[\"registry.terraform.io/hashicorp/aws\"]",
      "instances": [
        {
          "schema_version": 0,
          "attributes": {
            "gateway_id": "",
            "id": "rtbassoc-064168f1b15df13d2",
            "route_table_id": "rtb-0898c3a247c6237ac",
            "subnet_id": "subnet-0eeaaebee1d22de63"
          },
          "sensitive_attributes": [],
          "private": "bnVsbA==",
          "dependencies": [
            "aws_route_table.rt1_public",
            "aws_subnet.s1",
            "aws_vpc.vpc-o1",
            "aws_internet_gateway.igw-te"
          ]
        }
      ]
    },
    {
      "mode": "managed",
      "type": "aws_route_table_association",
      "name": "ass1-s2",
      "provider": "provider[\"registry.terraform.io/hashicorp/aws\"]",
      "instances": [
        {
          "schema_version": 0,
          "attributes": {
            "gateway_id": "",
            "id": "rtbassoc-0e767786974f97d6c",
            "route_table_id": "rtb-0898c3a247c6237ac",
            "subnet_id": "subnet-0c796e040d2979933"
          },
          "sensitive_attributes": [],
          "private": "bnVsbA==",
          "dependencies": [
            "aws_internet_gateway.igw-te",
            "aws_route_table.rt1_public",
            "aws_subnet.s2",
            "aws_vpc.vpc-o1"
          ]
        }
      ]
    },
    {
      "mode": "managed",
      "type": "aws_route_table_association",
      "name": "ass3-s3",
      "provider": "provider[\"registry.terraform.io/hashicorp/aws\"]",
      "instances": [
        {
          "schema_version": 0,
          "attributes": {
            "gateway_id": "",
            "id": "rtbassoc-0e900e5571af51ac0",
            "route_table_id": "rtb-0346fe76dab92f5c9",
            "subnet_id": "subnet-0edb4576c295b8e20"
          },
          "sensitive_attributes": [],
          "private": "bnVsbA==",
          "dependencies": [
            "aws_subnet.s1",
            "aws_subnet.s3",
            "aws_vpc.vpc-o1",
            "aws_eip.eip",
            "aws_nat_gateway.nat",
            "aws_route_table.rt2_private"
          ]
        }
      ]
    },
    {
      "mode": "managed",
      "type": "aws_route_table_association",
      "name": "ass3-s4",
      "provider": "provider[\"registry.terraform.io/hashicorp/aws\"]",
      "instances": [
        {
          "schema_version": 0,
          "attributes": {
            "gateway_id": "",
            "id": "rtbassoc-0518958ef9ebf6fad",
            "route_table_id": "rtb-0346fe76dab92f5c9",
            "subnet_id": "subnet-0b939c6ff9d3dd2f3"
          },
          "sensitive_attributes": [],
          "private": "bnVsbA==",
          "dependencies": [
            "aws_nat_gateway.nat",
            "aws_route_table.rt2_private",
            "aws_subnet.s1",
            "aws_subnet.s4",
            "aws_vpc.vpc-o1",
            "aws_eip.eip"
          ]
        }
      ]
    },
    {
      "mode": "managed",
      "type": "aws_security_group",
      "name": "sgforlc1",
      "provider": "provider[\"registry.terraform.io/hashicorp/aws\"]",
      "instances": [
        {
          "schema_version": 1,
          "attributes": {
            "arn": "arn:aws:ec2:us-east-1:473761847920:security-group/sg-0db98d04b9d543ca4",
            "description": "sgforlc1",
            "egress": [
              {
                "cidr_blocks": [
                  "0.0.0.0/0"
                ],
                "description": "",
                "from_port": 0,
                "ipv6_cidr_blocks": [],
                "prefix_list_ids": [],
                "protocol": "-1",
                "security_groups": [],
                "self": false,
                "to_port": 0
              }
            ],
            "id": "sg-0db98d04b9d543ca4",
            "ingress": [
              {
                "cidr_blocks": [
                  "0.0.0.0/0"
                ],
                "description": "TLS from VPC",
                "from_port": 80,
                "ipv6_cidr_blocks": [],
                "prefix_list_ids": [],
                "protocol": "tcp",
                "security_groups": [],
                "self": false,
                "to_port": 80
              }
            ],
            "name": "sgforlc1",
            "name_prefix": "",
            "owner_id": "473761847920",
            "revoke_rules_on_delete": false,
            "tags": {
              "Name": "sgforlc1"
            },
            "tags_all": {
              "Name": "sgforlc1"
            },
            "timeouts": null,
            "vpc_id": "vpc-0e062cf1ee3ae5789"
          },
          "sensitive_attributes": [],
          "private": "eyJlMmJmYjczMC1lY2FhLTExZTYtOGY4OC0zNDM2M2JjN2M0YzAiOnsiY3JlYXRlIjo2MDAwMDAwMDAwMDAsImRlbGV0ZSI6OTAwMDAwMDAwMDAwfSwic2NoZW1hX3ZlcnNpb24iOiIxIn0=",
          "dependencies": [
            "aws_vpc.vpc-o1"
          ]
        }
      ]
    },
    {
      "mode": "managed",
      "type": "aws_security_group",
      "name": "sgte",
      "provider": "provider[\"registry.terraform.io/hashicorp/aws\"]",
      "instances": [
        {
          "schema_version": 1,
          "attributes": {
            "arn": "arn:aws:ec2:us-east-1:473761847920:security-group/sg-014d9394e739fa93b",
            "description": "sgte",
            "egress": [
              {
                "cidr_blocks": [
                  "0.0.0.0/0"
                ],
                "description": "",
                "from_port": 0,
                "ipv6_cidr_blocks": [],
                "prefix_list_ids": [],
                "protocol": "-1",
                "security_groups": [],
                "self": false,
                "to_port": 0
              }
            ],
            "id": "sg-014d9394e739fa93b",
            "ingress": [
              {
                "cidr_blocks": [
                  "0.0.0.0/0"
                ],
                "description": "TLS from VPC",
                "from_port": 22,
                "ipv6_cidr_blocks": [],
                "prefix_list_ids": [],
                "protocol": "tcp",
                "security_groups": [],
                "self": false,
                "to_port": 22
              },
              {
                "cidr_blocks": [
                  "0.0.0.0/0"
                ],
                "description": "TLS from VPC",
                "from_port": 80,
                "ipv6_cidr_blocks": [],
                "prefix_list_ids": [],
                "protocol": "tcp",
                "security_groups": [],
                "self": false,
                "to_port": 80
              }
            ],
            "name": "sgte",
            "name_prefix": "",
            "owner_id": "473761847920",
            "revoke_rules_on_delete": false,
            "tags": {
              "Name": "sgte"
            },
            "tags_all": {
              "Name": "sgte"
            },
            "timeouts": null,
            "vpc_id": "vpc-0e062cf1ee3ae5789"
          },
          "sensitive_attributes": [],
          "private": "eyJlMmJmYjczMC1lY2FhLTExZTYtOGY4OC0zNDM2M2JjN2M0YzAiOnsiY3JlYXRlIjo2MDAwMDAwMDAwMDAsImRlbGV0ZSI6OTAwMDAwMDAwMDAwfSwic2NoZW1hX3ZlcnNpb24iOiIxIn0=",
          "dependencies": [
            "aws_vpc.vpc-o1"
          ]
        }
      ]
    },
    {
      "mode": "managed",
      "type": "aws_security_group",
      "name": "sgteelb",
      "provider": "provider[\"registry.terraform.io/hashicorp/aws\"]",
      "instances": [
        {
          "schema_version": 1,
          "attributes": {
            "arn": "arn:aws:ec2:us-east-1:473761847920:security-group/sg-084dcad16272c32d3",
            "description": "sgteelb",
            "egress": [
              {
                "cidr_blocks": [
                  "0.0.0.0/0"
                ],
                "description": "",
                "from_port": 0,
                "ipv6_cidr_blocks": [],
                "prefix_list_ids": [],
                "protocol": "-1",
                "security_groups": [],
                "self": false,
                "to_port": 0
              }
            ],
            "id": "sg-084dcad16272c32d3",
            "ingress": [
              {
                "cidr_blocks": [
                  "0.0.0.0/0"
                ],
                "description": "TLS from VPC",
                "from_port": 80,
                "ipv6_cidr_blocks": [],
                "prefix_list_ids": [],
                "protocol": "tcp",
                "security_groups": [],
                "self": false,
                "to_port": 80
              }
            ],
            "name": "sgteelb",
            "name_prefix": "",
            "owner_id": "473761847920",
            "revoke_rules_on_delete": false,
            "tags": {
              "Name": "sgteelb"
            },
            "tags_all": {
              "Name": "sgteelb"
            },
            "timeouts": null,
            "vpc_id": "vpc-0e062cf1ee3ae5789"
          },
          "sensitive_attributes": [],
          "private": "eyJlMmJmYjczMC1lY2FhLTExZTYtOGY4OC0zNDM2M2JjN2M0YzAiOnsiY3JlYXRlIjo2MDAwMDAwMDAwMDAsImRlbGV0ZSI6OTAwMDAwMDAwMDAwfSwic2NoZW1hX3ZlcnNpb24iOiIxIn0=",
          "dependencies": [
            "aws_vpc.vpc-o1"
          ]
        }
      ]
    },
    {
      "mode": "managed",
      "type": "aws_sns_topic",
      "name": "topic1",
      "provider": "provider[\"registry.terraform.io/hashicorp/aws\"]",
      "instances": [
        {
          "schema_version": 0,
          "attributes": {
            "application_failure_feedback_role_arn": "",
            "application_success_feedback_role_arn": "",
            "application_success_feedback_sample_rate": null,
            "arn": "arn:aws:sns:us-east-1:473761847920:topic1",
            "content_based_deduplication": false,
            "delivery_policy": "",
            "display_name": "topic1",
            "fifo_topic": false,
            "firehose_failure_feedback_role_arn": "",
            "firehose_success_feedback_role_arn": "",
            "firehose_success_feedback_sample_rate": null,
            "http_failure_feedback_role_arn": "",
            "http_success_feedback_role_arn": "",
            "http_success_feedback_sample_rate": null,
            "id": "arn:aws:sns:us-east-1:473761847920:topic1",
            "kms_master_key_id": "",
            "lambda_failure_feedback_role_arn": "",
            "lambda_success_feedback_role_arn": "",
            "lambda_success_feedback_sample_rate": null,
            "name": "topic1",
            "name_prefix": "",
            "owner": "473761847920",
            "policy": "{\"Version\":\"2008-10-17\",\"Id\":\"__default_policy_ID\",\"Statement\":[{\"Sid\":\"__default_statement_ID\",\"Effect\":\"Allow\",\"Principal\":{\"AWS\":\"*\"},\"Action\":[\"SNS:GetTopicAttributes\",\"SNS:SetTopicAttributes\",\"SNS:AddPermission\",\"SNS:RemovePermission\",\"SNS:DeleteTopic\",\"SNS:Subscribe\",\"SNS:ListSubscriptionsByTopic\",\"SNS:Publish\"],\"Resource\":\"arn:aws:sns:us-east-1:473761847920:topic1\",\"Condition\":{\"StringEquals\":{\"AWS:SourceOwner\":\"473761847920\"}}}]}",
            "sqs_failure_feedback_role_arn": "",
            "sqs_success_feedback_role_arn": "",
            "sqs_success_feedback_sample_rate": null,
            "tags": {},
            "tags_all": {}
          },
          "sensitive_attributes": [],
          "private": "bnVsbA=="
        }
      ]
    },
    {
      "mode": "managed",
      "type": "aws_sns_topic_subscription",
      "name": "snssubcription",
      "provider": "provider[\"registry.terraform.io/hashicorp/aws\"]",
      "instances": [
        {
          "schema_version": 0,
          "attributes": {
            "arn": "arn:aws:sns:us-east-1:473761847920:topic1:a7a829e9-c096-4843-8fd6-1cac947a3c95",
            "confirmation_timeout_in_minutes": 1,
            "confirmation_was_authenticated": false,
            "delivery_policy": "",
            "endpoint": "sumanthg469@gmail.com",
            "endpoint_auto_confirms": false,
            "filter_policy": "",
            "id": "arn:aws:sns:us-east-1:473761847920:topic1:a7a829e9-c096-4843-8fd6-1cac947a3c95",
            "owner_id": "473761847920",
            "pending_confirmation": false,
            "protocol": "email",
            "raw_message_delivery": false,
            "redrive_policy": "",
            "subscription_role_arn": "",
            "topic_arn": "arn:aws:sns:us-east-1:473761847920:topic1"
          },
          "sensitive_attributes": [],
          "private": "bnVsbA==",
          "dependencies": [
            "aws_sns_topic.topic1"
          ]
        }
      ]
    },
    {
      "mode": "managed",
      "type": "aws_subnet",
      "name": "s1",
      "provider": "provider[\"registry.terraform.io/hashicorp/aws\"]",
      "instances": [
        {
          "schema_version": 1,
          "attributes": {
            "arn": "arn:aws:ec2:us-east-1:473761847920:subnet/subnet-0eeaaebee1d22de63",
            "assign_ipv6_address_on_creation": false,
            "availability_zone": "us-east-1a",
            "availability_zone_id": "use1-az1",
            "cidr_block": "10.0.0.0/26",
            "customer_owned_ipv4_pool": "",
            "id": "subnet-0eeaaebee1d22de63",
            "ipv6_cidr_block": "",
            "ipv6_cidr_block_association_id": "",
            "map_customer_owned_ip_on_launch": false,
            "map_public_ip_on_launch": false,
            "outpost_arn": "",
            "owner_id": "473761847920",
            "tags": {
              "Name": "s1-vpc-te(public)"
            },
            "tags_all": {
              "Name": "s1-vpc-te(public)"
            },
            "timeouts": null,
            "vpc_id": "vpc-0e062cf1ee3ae5789"
          },
          "sensitive_attributes": [],
          "private": "eyJlMmJmYjczMC1lY2FhLTExZTYtOGY4OC0zNDM2M2JjN2M0YzAiOnsiY3JlYXRlIjo2MDAwMDAwMDAwMDAsImRlbGV0ZSI6MTIwMDAwMDAwMDAwMH0sInNjaGVtYV92ZXJzaW9uIjoiMSJ9",
          "dependencies": [
            "aws_vpc.vpc-o1"
          ]
        }
      ]
    },
    {
      "mode": "managed",
      "type": "aws_subnet",
      "name": "s2",
      "provider": "provider[\"registry.terraform.io/hashicorp/aws\"]",
      "instances": [
        {
          "schema_version": 1,
          "attributes": {
            "arn": "arn:aws:ec2:us-east-1:473761847920:subnet/subnet-0c796e040d2979933",
            "assign_ipv6_address_on_creation": false,
            "availability_zone": "us-east-1b",
            "availability_zone_id": "use1-az2",
            "cidr_block": "10.0.0.64/26",
            "customer_owned_ipv4_pool": "",
            "id": "subnet-0c796e040d2979933",
            "ipv6_cidr_block": "",
            "ipv6_cidr_block_association_id": "",
            "map_customer_owned_ip_on_launch": false,
            "map_public_ip_on_launch": false,
            "outpost_arn": "",
            "owner_id": "473761847920",
            "tags": {
              "Name": "s2-vpc-te(public)"
            },
            "tags_all": {
              "Name": "s2-vpc-te(public)"
            },
            "timeouts": null,
            "vpc_id": "vpc-0e062cf1ee3ae5789"
          },
          "sensitive_attributes": [],
          "private": "eyJlMmJmYjczMC1lY2FhLTExZTYtOGY4OC0zNDM2M2JjN2M0YzAiOnsiY3JlYXRlIjo2MDAwMDAwMDAwMDAsImRlbGV0ZSI6MTIwMDAwMDAwMDAwMH0sInNjaGVtYV92ZXJzaW9uIjoiMSJ9",
          "dependencies": [
            "aws_vpc.vpc-o1"
          ]
        }
      ]
    },
    {
      "mode": "managed",
      "type": "aws_subnet",
      "name": "s3",
      "provider": "provider[\"registry.terraform.io/hashicorp/aws\"]",
      "instances": [
        {
          "schema_version": 1,
          "attributes": {
            "arn": "arn:aws:ec2:us-east-1:473761847920:subnet/subnet-0edb4576c295b8e20",
            "assign_ipv6_address_on_creation": false,
            "availability_zone": "us-east-1a",
            "availability_zone_id": "use1-az1",
            "cidr_block": "10.0.0.128/26",
            "customer_owned_ipv4_pool": "",
            "id": "subnet-0edb4576c295b8e20",
            "ipv6_cidr_block": "",
            "ipv6_cidr_block_association_id": "",
            "map_customer_owned_ip_on_launch": false,
            "map_public_ip_on_launch": false,
            "outpost_arn": "",
            "owner_id": "473761847920",
            "tags": {
              "Name": "s3-vpc-te(private)"
            },
            "tags_all": {
              "Name": "s3-vpc-te(private)"
            },
            "timeouts": null,
            "vpc_id": "vpc-0e062cf1ee3ae5789"
          },
          "sensitive_attributes": [],
          "private": "eyJlMmJmYjczMC1lY2FhLTExZTYtOGY4OC0zNDM2M2JjN2M0YzAiOnsiY3JlYXRlIjo2MDAwMDAwMDAwMDAsImRlbGV0ZSI6MTIwMDAwMDAwMDAwMH0sInNjaGVtYV92ZXJzaW9uIjoiMSJ9",
          "dependencies": [
            "aws_vpc.vpc-o1"
          ]
        }
      ]
    },
    {
      "mode": "managed",
      "type": "aws_subnet",
      "name": "s4",
      "provider": "provider[\"registry.terraform.io/hashicorp/aws\"]",
      "instances": [
        {
          "schema_version": 1,
          "attributes": {
            "arn": "arn:aws:ec2:us-east-1:473761847920:subnet/subnet-0b939c6ff9d3dd2f3",
            "assign_ipv6_address_on_creation": false,
            "availability_zone": "us-east-1b",
            "availability_zone_id": "use1-az2",
            "cidr_block": "10.0.0.192/26",
            "customer_owned_ipv4_pool": "",
            "id": "subnet-0b939c6ff9d3dd2f3",
            "ipv6_cidr_block": "",
            "ipv6_cidr_block_association_id": "",
            "map_customer_owned_ip_on_launch": false,
            "map_public_ip_on_launch": false,
            "outpost_arn": "",
            "owner_id": "473761847920",
            "tags": {
              "Name": "s4-vpc-te(private)"
            },
            "tags_all": {
              "Name": "s4-vpc-te(private)"
            },
            "timeouts": null,
            "vpc_id": "vpc-0e062cf1ee3ae5789"
          },
          "sensitive_attributes": [],
          "private": "eyJlMmJmYjczMC1lY2FhLTExZTYtOGY4OC0zNDM2M2JjN2M0YzAiOnsiY3JlYXRlIjo2MDAwMDAwMDAwMDAsImRlbGV0ZSI6MTIwMDAwMDAwMDAwMH0sInNjaGVtYV92ZXJzaW9uIjoiMSJ9",
          "dependencies": [
            "aws_vpc.vpc-o1"
          ]
        }
      ]
    },
    {
      "mode": "managed",
      "type": "aws_vpc",
      "name": "vpc-o1",
      "provider": "provider[\"registry.terraform.io/hashicorp/aws\"]",
      "instances": [
        {
          "schema_version": 1,
          "attributes": {
            "arn": "arn:aws:ec2:us-east-1:473761847920:vpc/vpc-0e062cf1ee3ae5789",
            "assign_generated_ipv6_cidr_block": false,
            "cidr_block": "10.0.0.0/16",
            "default_network_acl_id": "acl-02fbdb62d1cf5245e",
            "default_route_table_id": "rtb-0a6f0632400146000",
            "default_security_group_id": "sg-0661492c21775915c",
            "dhcp_options_id": "dopt-0be15c45f210a5590",
            "enable_classiclink": false,
            "enable_classiclink_dns_support": false,
            "enable_dns_hostnames": true,
            "enable_dns_support": true,
            "id": "vpc-0e062cf1ee3ae5789",
            "instance_tenancy": "default",
            "ipv6_association_id": "",
            "ipv6_cidr_block": "",
            "main_route_table_id": "rtb-0a6f0632400146000",
            "owner_id": "473761847920",
            "tags": {
              "Name": "vpc-te",
              "env": "dev"
            },
            "tags_all": {
              "Name": "vpc-te",
              "env": "dev"
            }
          },
          "sensitive_attributes": [],
          "private": "eyJzY2hlbWFfdmVyc2lvbiI6IjEifQ=="
        }
      ]
    }
  ]
}
